
Microsoft Visual Studio Solution File, Format Version 12.00
# Visual Studio Version 17
VisualStudioVersion = 17.13.35806.99 d17.13
MinimumVisualStudioVersion = 10.0.40219.1
Project("{FAE04EC0-301F-11D3-BF4B-00C04F79EFBC}") = "ChainResponsibility", "ChainResponsibility\ChainResponsibility.csproj", "{285CF998-82F8-45EF-8FAC-F9B57B07661F}"
EndProject
Project("{2150E333-8FDC-42A3-9474-1A3956D46DE8}") = "src", "src", "{02EA681E-C7D8-13C7-8484-4AC65E1B71E8}"
EndProject
Project("{2150E333-8FDC-42A3-9474-1A3956D46DE8}") = "tests", "tests", "{1F497AAA-371C-4397-8929-1537E90BC2C2}"
EndProject
Project("{FAE04EC0-301F-11D3-BF4B-00C04F79EFBC}") = "ChainResponsibilityTests", "ChainResponsibilityTests\ChainResponsibilityTests.csproj", "{E8495446-B11A-4F6E-9764-E0FBDDA76B5C}"
EndProject
Global
	GlobalSection(SolutionConfigurationPlatforms) = preSolution
		Debug|Any CPU = Debug|Any CPU
		Release|Any CPU = Release|Any CPU
	EndGlobalSection
	GlobalSection(ProjectConfigurationPlatforms) = postSolution
		{285CF998-82F8-45EF-8FAC-F9B57B07661F}.Debug|Any CPU.ActiveCfg = Debug|Any CPU
		{285CF998-82F8-45EF-8FAC-F9B57B07661F}.Debug|Any CPU.Build.0 = Debug|Any CPU
		{285CF998-82F8-45EF-8FAC-F9B57B07661F}.Release|Any CPU.ActiveCfg = Release|Any CPU
		{285CF998-82F8-45EF-8FAC-F9B57B07661F}.Release|Any CPU.Build.0 = Release|Any CPU
		{E8495446-B11A-4F6E-9764-E0FBDDA76B5C}.Debug|Any CPU.ActiveCfg = Debug|Any CPU
		{E8495446-B11A-4F6E-9764-E0FBDDA76B5C}.Debug|Any CPU.Build.0 = Debug|Any CPU
		{E8495446-B11A-4F6E-9764-E0FBDDA76B5C}.Release|Any CPU.ActiveCfg = Release|Any CPU
		{E8495446-B11A-4F6E-9764-E0FBDDA76B5C}.Release|Any CPU.Build.0 = Release|Any CPU
	EndGlobalSection
	GlobalSection(SolutionProperties) = preSolution
		HideSolutionNode = FALSE
	EndGlobalSection
	GlobalSection(NestedProjects) = preSolution
		{285CF998-82F8-45EF-8FAC-F9B57B07661F} = {02EA681E-C7D8-13C7-8484-4AC65E1B71E8}
		{E8495446-B11A-4F6E-9764-E0FBDDA76B5C} = {1F497AAA-371C-4397-8929-1537E90BC2C2}
	EndGlobalSection
	GlobalSection(ExtensibilityGlobals) = postSolution
		SolutionGuid = {82431744-FC54-4E40-8174-FBF74BD91FC9}
	EndGlobalSection
EndGlobal
